
Microsoft Visual Studio Solution File, Format Version 12.00
# Visual Studio Version 16
VisualStudioVersion = 16.0.33214.272
MinimumVisualStudioVersion = 10.0.40219.1
Project("{FAE04EC0-301F-11D3-BF4B-00C04F79EFBC}") = "Mission04_brd48", "Mission04_brd48\Mission04_brd48.csproj", "{0EDE263C-C152-45CA-B69C-943FB4349415}"
EndProject
Global
	GlobalSection(SolutionConfigurationPlatforms) = preSolution
		Debug|Any CPU = Debug|Any CPU
		Release|Any CPU = Release|Any CPU
	EndGlobalSection
	GlobalSection(ProjectConfigurationPlatforms) = postSolution
		{0EDE263C-C152-45CA-B69C-943FB4349415}.Debug|Any CPU.ActiveCfg = Debug|Any CPU
		{0EDE263C-C152-45CA-B69C-943FB4349415}.Debug|Any CPU.Build.0 = Debug|Any CPU
		{0EDE263C-C152-45CA-B69C-943FB4349415}.Release|Any CPU.ActiveCfg = Release|Any CPU
		{0EDE263C-C152-45CA-B69C-943FB4349415}.Release|Any CPU.Build.0 = Release|Any CPU
	EndGlobalSection
	GlobalSection(SolutionProperties) = preSolution
		HideSolutionNode = FALSE
	EndGlobalSection
	GlobalSection(ExtensibilityGlobals) = postSolution
		SolutionGuid = {09AB720B-4001-4BAB-823F-AA7903AF8A2B}
	EndGlobalSection
EndGlobal
